gitlab.com/moneropay/go-monero v1.1.2 h1:B9rl3rhsy8eAz4xEhIA4DZ2BgQrbdlsxejP7pe2lS38=
gitlab.com/moneropay/go-monero v1.1.2/go.mod h1:k7fElrhjex1ktCy45ebcgz66oGBeOtciBZA405s3Oz0=
gitlab.com/moneropay/moneropay/v2 v2.8.1 h1:o5pNYdBP4D9OWs8OULl0Bno4uD8oRRn6Eoxc0jBYdqI=
gitlab.com/moneropay/moneropay/v2 v2.8.1/go.mod h1:HvFpfNEoT+ErOa+PRdq00RJGOUAbyBoCM9scgw4jags=
